
Microsoft Visual Studio Solution File, Format Version 12.00
# Visual Studio 15
VisualStudioVersion = 15.0.27130.2027
MinimumVisualStudioVersion = 10.0.40219.1
Project("{FAE04EC0-301F-11D3-BF4B-00C04F79EFBC}") = "Tracer", "Tracer\Tracer.csproj", "{333D23BB-89D5-4F98-82AA-7968AB18749C}"
EndProject
Project("{FAE04EC0-301F-11D3-BF4B-00C04F79EFBC}") = "TracerAppForTests", "TracerAppForTests\TracerAppForTests.csproj", "{22EA0166-F1DC-4C72-A218-1425D915A35A}"
EndProject
Global
	GlobalSection(SolutionConfigurationPlatforms) = preSolution
		Debug|Any CPU = Debug|Any CPU
		Release|Any CPU = Release|Any CPU
	EndGlobalSection
	GlobalSection(ProjectConfigurationPlatforms) = postSolution
		{333D23BB-89D5-4F98-82AA-7968AB18749C}.Debug|Any CPU.ActiveCfg = Debug|Any CPU
		{333D23BB-89D5-4F98-82AA-7968AB18749C}.Debug|Any CPU.Build.0 = Debug|Any CPU
		{333D23BB-89D5-4F98-82AA-7968AB18749C}.Release|Any CPU.ActiveCfg = Release|Any CPU
		{333D23BB-89D5-4F98-82AA-7968AB18749C}.Release|Any CPU.Build.0 = Release|Any CPU
		{22EA0166-F1DC-4C72-A218-1425D915A35A}.Debug|Any CPU.ActiveCfg = Debug|Any CPU
		{22EA0166-F1DC-4C72-A218-1425D915A35A}.Debug|Any CPU.Build.0 = Debug|Any CPU
		{22EA0166-F1DC-4C72-A218-1425D915A35A}.Release|Any CPU.ActiveCfg = Release|Any CPU
		{22EA0166-F1DC-4C72-A218-1425D915A35A}.Release|Any CPU.Build.0 = Release|Any CPU
	EndGlobalSection
	GlobalSection(SolutionProperties) = preSolution
		HideSolutionNode = FALSE
	EndGlobalSection
	GlobalSection(ExtensibilityGlobals) = postSolution
		SolutionGuid = {1209FD86-BCFA-4BA2-8A11-9F70CDBBCAFB}
	EndGlobalSection
EndGlobal
